
Microsoft Visual Studio Solution File, Format Version 12.00
# Visual Studio Version 17
VisualStudioVersion = 17.4.33213.308
MinimumVisualStudioVersion = 10.0.40219.1
Project("{9A19103F-16F7-4668-BE54-9A1E7A4F7556}") = "QuickTest", "QuickTest\QuickTest.csproj", "{2190FD5F-F535-443A-BDEE-C32F993AC6A8}"
EndProject
Project("{9A19103F-16F7-4668-BE54-9A1E7A4F7556}") = "Engine", "Engine\Engine.csproj", "{822183AB-A248-471E-B975-81404ECC887A}"
EndProject
Project("{FAE04EC0-301F-11D3-BF4B-00C04F79EFBC}") = "FrameworkEngine", "FrameworkEngine\FrameworkEngine.csproj", "{2E62E33E-4931-4179-87ED-86DACD0A6911}"
EndProject
Global
	GlobalSection(SolutionConfigurationPlatforms) = preSolution
		Debug|Any CPU = Debug|Any CPU
		Release|Any CPU = Release|Any CPU
	EndGlobalSection
	GlobalSection(ProjectConfigurationPlatforms) = postSolution
		{2190FD5F-F535-443A-BDEE-C32F993AC6A8}.Debug|Any CPU.ActiveCfg = Debug|Any CPU
		{2190FD5F-F535-443A-BDEE-C32F993AC6A8}.Debug|Any CPU.Build.0 = Debug|Any CPU
		{2190FD5F-F535-443A-BDEE-C32F993AC6A8}.Release|Any CPU.ActiveCfg = Release|Any CPU
		{2190FD5F-F535-443A-BDEE-C32F993AC6A8}.Release|Any CPU.Build.0 = Release|Any CPU
		{822183AB-A248-471E-B975-81404ECC887A}.Debug|Any CPU.ActiveCfg = Debug|Any CPU
		{822183AB-A248-471E-B975-81404ECC887A}.Debug|Any CPU.Build.0 = Debug|Any CPU
		{822183AB-A248-471E-B975-81404ECC887A}.Release|Any CPU.ActiveCfg = Release|Any CPU
		{822183AB-A248-471E-B975-81404ECC887A}.Release|Any CPU.Build.0 = Release|Any CPU
		{2E62E33E-4931-4179-87ED-86DACD0A6911}.Debug|Any CPU.ActiveCfg = Debug|Any CPU
		{2E62E33E-4931-4179-87ED-86DACD0A6911}.Debug|Any CPU.Build.0 = Debug|Any CPU
		{2E62E33E-4931-4179-87ED-86DACD0A6911}.Release|Any CPU.ActiveCfg = Release|Any CPU
		{2E62E33E-4931-4179-87ED-86DACD0A6911}.Release|Any CPU.Build.0 = Release|Any CPU
	EndGlobalSection
	GlobalSection(SolutionProperties) = preSolution
		HideSolutionNode = FALSE
	EndGlobalSection
	GlobalSection(ExtensibilityGlobals) = postSolution
		SolutionGuid = {EAA5DEAE-5A7E-47F1-AA0C-D4990486E757}
	EndGlobalSection
EndGlobal
